
Microsoft Visual Studio Solution File, Format Version 12.00
# Visual Studio Version 17
VisualStudioVersion = 17.6.33829.357
MinimumVisualStudioVersion = 10.0.40219.1
Project("{FAE04EC0-301F-11D3-BF4B-00C04F79EFBC}") = "firstcode", "firstcode\firstcode.csproj", "{BA166608-BEDD-4783-9FFC-9086DE6CC4CA}"
EndProject
Global
	GlobalSection(SolutionConfigurationPlatforms) = preSolution
		Debug|Any CPU = Debug|Any CPU
		Release|Any CPU = Release|Any CPU
	EndGlobalSection
	GlobalSection(ProjectConfigurationPlatforms) = postSolution
		{BA166608-BEDD-4783-9FFC-9086DE6CC4CA}.Debug|Any CPU.ActiveCfg = Debug|Any CPU
		{BA166608-BEDD-4783-9FFC-9086DE6CC4CA}.Debug|Any CPU.Build.0 = Debug|Any CPU
		{BA166608-BEDD-4783-9FFC-9086DE6CC4CA}.Release|Any CPU.ActiveCfg = Release|Any CPU
		{BA166608-BEDD-4783-9FFC-9086DE6CC4CA}.Release|Any CPU.Build.0 = Release|Any CPU
	EndGlobalSection
	GlobalSection(SolutionProperties) = preSolution
		HideSolutionNode = FALSE
	EndGlobalSection
	GlobalSection(ExtensibilityGlobals) = postSolution
		SolutionGuid = {D6A1BC4A-6548-43FE-A360-DBEEB25E352E}
	EndGlobalSection
EndGlobal
