
Microsoft Visual Studio Solution File, Format Version 12.00
# Visual Studio Version 17
VisualStudioVersion = 17.6.33829.357
MinimumVisualStudioVersion = 10.0.40219.1
Project("{FAE04EC0-301F-11D3-BF4B-00C04F79EFBC}") = "first", "first\first.csproj", "{EF941296-EA67-4218-8119-B37D3C5F1042}"
EndProject
Global
	GlobalSection(SolutionConfigurationPlatforms) = preSolution
		Debug|Any CPU = Debug|Any CPU
		Release|Any CPU = Release|Any CPU
	EndGlobalSection
	GlobalSection(ProjectConfigurationPlatforms) = postSolution
		{EF941296-EA67-4218-8119-B37D3C5F1042}.Debug|Any CPU.ActiveCfg = Debug|Any CPU
		{EF941296-EA67-4218-8119-B37D3C5F1042}.Debug|Any CPU.Build.0 = Debug|Any CPU
		{EF941296-EA67-4218-8119-B37D3C5F1042}.Release|Any CPU.ActiveCfg = Release|Any CPU
		{EF941296-EA67-4218-8119-B37D3C5F1042}.Release|Any CPU.Build.0 = Release|Any CPU
	EndGlobalSection
	GlobalSection(SolutionProperties) = preSolution
		HideSolutionNode = FALSE
	EndGlobalSection
	GlobalSection(ExtensibilityGlobals) = postSolution
		SolutionGuid = {8FE5E241-6F27-4E6C-9A0D-273D7C345752}
	EndGlobalSection
EndGlobal
